
Microsoft Visual Studio Solution File, Format Version 12.00
# Visual Studio Version 16
VisualStudioVersion = 16.0.30523.141
MinimumVisualStudioVersion = 10.0.40219.1
Project("{FAE04EC0-301F-11D3-BF4B-00C04F79EFBC}") = "ServerAppSocket", "ServerAppSocket\ServerAppSocket.csproj", "{6E2F6E5F-1D34-4F5D-A280-0BF0AA560156}"
EndProject
Global
	GlobalSection(SolutionConfigurationPlatforms) = preSolution
		Debug|Any CPU = Debug|Any CPU
		Release|Any CPU = Release|Any CPU
	EndGlobalSection
	GlobalSection(ProjectConfigurationPlatforms) = postSolution
		{6E2F6E5F-1D34-4F5D-A280-0BF0AA560156}.Debug|Any CPU.ActiveCfg = Debug|Any CPU
		{6E2F6E5F-1D34-4F5D-A280-0BF0AA560156}.Debug|Any CPU.Build.0 = Debug|Any CPU
		{6E2F6E5F-1D34-4F5D-A280-0BF0AA560156}.Release|Any CPU.ActiveCfg = Release|Any CPU
		{6E2F6E5F-1D34-4F5D-A280-0BF0AA560156}.Release|Any CPU.Build.0 = Release|Any CPU
	EndGlobalSection
	GlobalSection(SolutionProperties) = preSolution
		HideSolutionNode = FALSE
	EndGlobalSection
	GlobalSection(ExtensibilityGlobals) = postSolution
		SolutionGuid = {14702653-8341-40A1-8D7E-B12850E6364C}
	EndGlobalSection
EndGlobal
